
Microsoft Visual Studio Solution File, Format Version 12.00
# Visual Studio 15
VisualStudioVersion = 15.0.28307.2092
MinimumVisualStudioVersion = 10.0.40219.1
Project("{8BC9CEB8-8B4A-11D0-8D11-00A0C91BC942}") = "5.29", "5.29\5.29.vcxproj", "{FC94EDFD-BF5E-43EA-B978-5765CF04E292}"
EndProject
Global
	GlobalSection(SolutionConfigurationPlatforms) = preSolution
		Debug|x64 = Debug|x64
		Debug|x86 = Debug|x86
		Release|x64 = Release|x64
		Release|x86 = Release|x86
	EndGlobalSection
	GlobalSection(ProjectConfigurationPlatforms) = postSolution
		{FC94EDFD-BF5E-43EA-B978-5765CF04E292}.Debug|x64.ActiveCfg = Debug|x64
		{FC94EDFD-BF5E-43EA-B978-5765CF04E292}.Debug|x64.Build.0 = Debug|x64
		{FC94EDFD-BF5E-43EA-B978-5765CF04E292}.Debug|x86.ActiveCfg = Debug|Win32
		{FC94EDFD-BF5E-43EA-B978-5765CF04E292}.Debug|x86.Build.0 = Debug|Win32
		{FC94EDFD-BF5E-43EA-B978-5765CF04E292}.Release|x64.ActiveCfg = Release|x64
		{FC94EDFD-BF5E-43EA-B978-5765CF04E292}.Release|x64.Build.0 = Release|x64
		{FC94EDFD-BF5E-43EA-B978-5765CF04E292}.Release|x86.ActiveCfg = Release|Win32
		{FC94EDFD-BF5E-43EA-B978-5765CF04E292}.Release|x86.Build.0 = Release|Win32
	EndGlobalSection
	GlobalSection(SolutionProperties) = preSolution
		HideSolutionNode = FALSE
	EndGlobalSection
	GlobalSection(ExtensibilityGlobals) = postSolution
		SolutionGuid = {F2E8EA5B-DABE-4806-95AA-C5E1258A05BB}
	EndGlobalSection
EndGlobal
